
Microsoft Visual Studio Solution File, Format Version 12.00
# Visual Studio 2013
VisualStudioVersion = 12.0.21005.1
MinimumVisualStudioVersion = 10.0.40219.1
Project("{FAE04EC0-301F-11D3-BF4B-00C04F79EFBC}") = "BaiTap1_Phap_Anh", "BaiTap1_Phap_Anh\BaiTap1_Phap_Anh.csproj", "{AA252C45-2583-4A97-9C28-EE2CD16756EB}"
	ProjectSection(ProjectDependencies) = postProject
		{24924563-4439-460A-8FB7-A9520D910780} = {24924563-4439-460A-8FB7-A9520D910780}
	EndProjectSection
EndProject
Project("{FAE04EC0-301F-11D3-BF4B-00C04F79EFBC}") = "BaiTap1_Provider", "BaiTap1_Provider\BaiTap1_Provider.csproj", "{24924563-4439-460A-8FB7-A9520D910780}"
EndProject
Project("{FAE04EC0-301F-11D3-BF4B-00C04F79EFBC}") = "BaiTap2_Anh_Viet", "BaiTap2_Anh_Viet\BaiTap2_Anh_Viet.csproj", "{C30ACF15-7D49-4DFC-B674-3B3F5B287ED2}"
EndProject
Project("{FAE04EC0-301F-11D3-BF4B-00C04F79EFBC}") = "BaiTap2_Provider", "BaiTap2_Provider\BaiTap2_Provider.csproj", "{EA91B582-53C2-499E-BBC9-5E232144E1F7}"
EndProject
Project("{FAE04EC0-301F-11D3-BF4B-00C04F79EFBC}") = "BaiTap3_Phap_Viet", "BaiTap3_Phap_Viet\BaiTap3_Phap_Viet.csproj", "{1252943E-5102-4F95-A844-E81CD37ED5CE}"
EndProject
Global
	GlobalSection(SolutionConfigurationPlatforms) = preSolution
		Debug|Any CPU = Debug|Any CPU
		Release|Any CPU = Release|Any CPU
	EndGlobalSection
	GlobalSection(ProjectConfigurationPlatforms) = postSolution
		{AA252C45-2583-4A97-9C28-EE2CD16756EB}.Debug|Any CPU.ActiveCfg = Debug|Any CPU
		{AA252C45-2583-4A97-9C28-EE2CD16756EB}.Debug|Any CPU.Build.0 = Debug|Any CPU
		{AA252C45-2583-4A97-9C28-EE2CD16756EB}.Release|Any CPU.ActiveCfg = Release|Any CPU
		{AA252C45-2583-4A97-9C28-EE2CD16756EB}.Release|Any CPU.Build.0 = Release|Any CPU
		{24924563-4439-460A-8FB7-A9520D910780}.Debug|Any CPU.ActiveCfg = Debug|Any CPU
		{24924563-4439-460A-8FB7-A9520D910780}.Debug|Any CPU.Build.0 = Debug|Any CPU
		{24924563-4439-460A-8FB7-A9520D910780}.Release|Any CPU.ActiveCfg = Release|Any CPU
		{24924563-4439-460A-8FB7-A9520D910780}.Release|Any CPU.Build.0 = Release|Any CPU
		{C30ACF15-7D49-4DFC-B674-3B3F5B287ED2}.Debug|Any CPU.ActiveCfg = Debug|Any CPU
		{C30ACF15-7D49-4DFC-B674-3B3F5B287ED2}.Debug|Any CPU.Build.0 = Debug|Any CPU
		{C30ACF15-7D49-4DFC-B674-3B3F5B287ED2}.Release|Any CPU.ActiveCfg = Release|Any CPU
		{C30ACF15-7D49-4DFC-B674-3B3F5B287ED2}.Release|Any CPU.Build.0 = Release|Any CPU
		{EA91B582-53C2-499E-BBC9-5E232144E1F7}.Debug|Any CPU.ActiveCfg = Debug|Any CPU
		{EA91B582-53C2-499E-BBC9-5E232144E1F7}.Debug|Any CPU.Build.0 = Debug|Any CPU
		{EA91B582-53C2-499E-BBC9-5E232144E1F7}.Release|Any CPU.ActiveCfg = Release|Any CPU
		{EA91B582-53C2-499E-BBC9-5E232144E1F7}.Release|Any CPU.Build.0 = Release|Any CPU
		{1252943E-5102-4F95-A844-E81CD37ED5CE}.Debug|Any CPU.ActiveCfg = Debug|Any CPU
		{1252943E-5102-4F95-A844-E81CD37ED5CE}.Debug|Any CPU.Build.0 = Debug|Any CPU
		{1252943E-5102-4F95-A844-E81CD37ED5CE}.Release|Any CPU.ActiveCfg = Release|Any CPU
		{1252943E-5102-4F95-A844-E81CD37ED5CE}.Release|Any CPU.Build.0 = Release|Any CPU
	EndGlobalSection
	GlobalSection(SolutionProperties) = preSolution
		HideSolutionNode = FALSE
	EndGlobalSection
	GlobalSection(ExtensibilityGlobals) = postSolution
		SolutionGuid = {9F3F4377-CE0A-497C-B404-4FD9B021F5E3}
	EndGlobalSection
EndGlobal
